
Microsoft Visual Studio Solution File, Format Version 12.00
# Visual Studio 15
VisualStudioVersion = 15.0.27130.2027
MinimumVisualStudioVersion = 10.0.40219.1
Project("{8BC9CEB8-8B4A-11D0-8D11-00A0C91BC942}") = "八皇后", "八皇后\八皇后.vcxproj", "{27072C58-AB95-4EBC-8B6D-94D83FD4CA37}"
EndProject
Global
	GlobalSection(SolutionConfigurationPlatforms) = preSolution
		Debug|x64 = Debug|x64
		Debug|x86 = Debug|x86
		Release|x64 = Release|x64
		Release|x86 = Release|x86
	EndGlobalSection
	GlobalSection(ProjectConfigurationPlatforms) = postSolution
		{27072C58-AB95-4EBC-8B6D-94D83FD4CA37}.Debug|x64.ActiveCfg = Debug|x64
		{27072C58-AB95-4EBC-8B6D-94D83FD4CA37}.Debug|x64.Build.0 = Debug|x64
		{27072C58-AB95-4EBC-8B6D-94D83FD4CA37}.Debug|x86.ActiveCfg = Debug|Win32
		{27072C58-AB95-4EBC-8B6D-94D83FD4CA37}.Debug|x86.Build.0 = Debug|Win32
		{27072C58-AB95-4EBC-8B6D-94D83FD4CA37}.Release|x64.ActiveCfg = Release|x64
		{27072C58-AB95-4EBC-8B6D-94D83FD4CA37}.Release|x64.Build.0 = Release|x64
		{27072C58-AB95-4EBC-8B6D-94D83FD4CA37}.Release|x86.ActiveCfg = Release|Win32
		{27072C58-AB95-4EBC-8B6D-94D83FD4CA37}.Release|x86.Build.0 = Release|Win32
	EndGlobalSection
	GlobalSection(SolutionProperties) = preSolution
		HideSolutionNode = FALSE
	EndGlobalSection
	GlobalSection(ExtensibilityGlobals) = postSolution
		SolutionGuid = {5681DB7D-F614-4E1E-B94E-C3FA7DC4CCC0}
	EndGlobalSection
EndGlobal
